
Microsoft Visual Studio Solution File, Format Version 12.00
# Visual Studio Version 17
VisualStudioVersion = 17.3.32922.545
MinimumVisualStudioVersion = 10.0.40219.1
Project("{FAE04EC0-301F-11D3-BF4B-00C04F79EFBC}") = "ModularityTestingApp", "ModularityTestingApp\ModularityTestingApp.csproj", "{28F4443A-B89B-4B3A-8E80-BB90A6F20848}"
EndProject
Global
	GlobalSection(SolutionConfigurationPlatforms) = preSolution
		Debug|Any CPU = Debug|Any CPU
		Release|Any CPU = Release|Any CPU
	EndGlobalSection
	GlobalSection(ProjectConfigurationPlatforms) = postSolution
		{28F4443A-B89B-4B3A-8E80-BB90A6F20848}.Debug|Any CPU.ActiveCfg = Debug|Any CPU
		{28F4443A-B89B-4B3A-8E80-BB90A6F20848}.Debug|Any CPU.Build.0 = Debug|Any CPU
		{28F4443A-B89B-4B3A-8E80-BB90A6F20848}.Release|Any CPU.ActiveCfg = Release|Any CPU
		{28F4443A-B89B-4B3A-8E80-BB90A6F20848}.Release|Any CPU.Build.0 = Release|Any CPU
	EndGlobalSection
	GlobalSection(SolutionProperties) = preSolution
		HideSolutionNode = FALSE
	EndGlobalSection
	GlobalSection(ExtensibilityGlobals) = postSolution
		SolutionGuid = {42D037C6-35E7-4ACF-B6C2-707E07296245}
	EndGlobalSection
EndGlobal
